{
  "name": "backend",
  "lockfileVersion": 3,
  "requires": true,
  "packages": {
    "": {
      "dependencies": {
        "gee": "^0.1.0"
      }
    },
    "node_modules/gee": {
      "version": "0.1.0",
      "resolved": "https://registry.npmjs.org/gee/-/gee-0.1.0.tgz",
      "integrity": "sha512-2vLlOD7999Syb5n51L5kGOkE9ZNvj5szG4B1lso38QgqkaVj/IjtJUvDUeiJULZVc6YggBNmj7jj9pAcUPjHUQ==",
      "license": "MIT"
    }
  }
}
